{
  "version": 4,
  "terraform_version": "1.12.2",
  "serial": 21,
  "lineage": "c38d4a61-7c86-f1b4-0eab-ca1762b68efe",
  "outputs": {
    "floating_ips": {
      "value": [
        "9.12.93.150",
        "9.12.93.174",
        "9.12.93.157"
      ],
      "type": [
        "tuple",
        [
          "string",
          "string",
          "string"
        ]
      ]
    },
    "network_id": {
      "value": "1e64fb0e-63a5-44a6-aac5-6dc6dc1364a4",
      "type": "string"
    },
    "subnet_id": {
      "value": "ed4fa4ec-6512-44fb-84c1-3819f5549862",
      "type": "string"
    }
  },
  "resources": [
    {
      "module": "module.compute",
      "mode": "managed",
      "type": "openstack_compute_instance_v2",
      "name": "instance",
      "provider": "provider[\"registry.terraform.io/terraform-provider-openstack/openstack\"]",
      "instances": [
        {
          "index_key": 0,
          "status": "tainted",
          "schema_version": 0,
          "attributes": {
            "access_ip_v4": null,
            "access_ip_v6": null,
            "admin_pass": null,
            "all_metadata": null,
            "all_tags": [],
            "availability_zone": null,
            "availability_zone_hints": null,
            "block_device": [],
            "config_drive": null,
            "created": null,
            "flavor_id": null,
            "flavor_name": "m1.small",
            "floating_ip": null,
            "force_delete": false,
            "id": "5ae7534e-1692-4665-9403-47f28346649a",
            "image_id": "4df0c1fb-b79f-4eb4-9a37-8059cadd6237",
            "image_name": null,
            "key_pair": "admin-prod-keypair",
            "metadata": null,
            "name": "admin-prod-vm-0",
            "network": [
              {
                "access_network": false,
                "fixed_ip_v4": "",
                "fixed_ip_v6": "",
                "floating_ip": "",
                "mac": "",
                "name": "",
                "port": "",
                "uuid": "1e64fb0e-63a5-44a6-aac5-6dc6dc1364a4"
              }
            ],
            "network_mode": null,
            "personality": [],
            "power_state": "active",
            "region": null,
            "scheduler_hints": [],
            "security_groups": [
              "admin-prod-secgroup"
            ],
            "stop_before_destroy": false,
            "tags": [
              "cost_center=IT",
              "environment=prod",
              "managed_by=terraform",
              "owner=devops",
              "project=admin",
              "team=platform"
            ],
            "timeouts": null,
            "updated": null,
            "user_data": null,
            "vendor_options": [],
            "volume": []
          },
          "sensitive_attributes": [
            [
              {
                "type": "get_attr",
                "value": "admin_pass"
              }
            ]
          ],
          "identity_schema_version": 0,
          "private": "eyJlMmJmYjczMC1lY2FhLTExZTYtOGY4OC0zNDM2M2JjN2M0YzAiOnsiY3JlYXRlIjoxODAwMDAwMDAwMDAwLCJkZWxldGUiOjE4MDAwMDAwMDAwMDAsInVwZGF0ZSI6MTgwMDAwMDAwMDAwMH19",
          "dependencies": [
            "module.compute.openstack_compute_keypair_v2.keypair",
            "module.network.openstack_networking_network_v2.network",
            "module.network.openstack_networking_secgroup_v2.secgroup",
            "module.storage.openstack_images_image_v2.image"
          ]
        },
        {
          "index_key": 1,
          "schema_version": 0,
          "attributes": {
            "access_ip_v4": "10.0.1.93",
            "access_ip_v6": "",
            "admin_pass": null,
            "all_metadata": {},
            "all_tags": [
              "cost_center=IT",
              "environment=prod",
              "managed_by=terraform",
              "owner=devops",
              "project=admin",
              "team=platform"
            ],
            "availability_zone": "nova",
            "availability_zone_hints": null,
            "block_device": [],
            "config_drive": null,
            "created": "2025-11-25 14:14:11 +0000 UTC",
            "flavor_id": "2",
            "flavor_name": "m1.small",
            "floating_ip": null,
            "force_delete": false,
            "id": "c595a091-1ccb-4fb2-a58d-41aba90d1ca9",
            "image_id": "4df0c1fb-b79f-4eb4-9a37-8059cadd6237",
            "image_name": "admin-prod-ubuntu",
            "key_pair": "admin-prod-keypair",
            "metadata": null,
            "name": "admin-prod-vm-1",
            "network": [
              {
                "access_network": false,
                "fixed_ip_v4": "10.0.1.93",
                "fixed_ip_v6": "",
                "floating_ip": "",
                "mac": "fa:16:3e:fc:9b:90",
                "name": "admin-prod-network",
                "port": "",
                "uuid": "1e64fb0e-63a5-44a6-aac5-6dc6dc1364a4"
              }
            ],
            "network_mode": null,
            "personality": [],
            "power_state": "active",
            "region": "RegionOne",
            "scheduler_hints": [],
            "security_groups": [
              "admin-prod-secgroup"
            ],
            "stop_before_destroy": false,
            "tags": [
              "cost_center=IT",
              "environment=prod",
              "managed_by=terraform",
              "owner=devops",
              "project=admin",
              "team=platform"
            ],
            "timeouts": null,
            "updated": "2025-11-25 14:15:11 +0000 UTC",
            "user_data": null,
            "vendor_options": [],
            "volume": []
          },
          "sensitive_attributes": [
            [
              {
                "type": "get_attr",
                "value": "admin_pass"
              }
            ]
          ],
          "identity_schema_version": 0,
          "private": "eyJlMmJmYjczMC1lY2FhLTExZTYtOGY4OC0zNDM2M2JjN2M0YzAiOnsiY3JlYXRlIjoxODAwMDAwMDAwMDAwLCJkZWxldGUiOjE4MDAwMDAwMDAwMDAsInVwZGF0ZSI6MTgwMDAwMDAwMDAwMH19",
          "dependencies": [
            "module.compute.openstack_compute_keypair_v2.keypair",
            "module.network.openstack_networking_network_v2.network",
            "module.network.openstack_networking_secgroup_v2.secgroup",
            "module.storage.openstack_images_image_v2.image"
          ]
        },
        {
          "index_key": 2,
          "schema_version": 0,
          "attributes": {
            "access_ip_v4": "10.0.1.36",
            "access_ip_v6": "",
            "admin_pass": null,
            "all_metadata": {},
            "all_tags": [
              "cost_center=IT",
              "environment=prod",
              "managed_by=terraform",
              "owner=devops",
              "project=admin",
              "team=platform"
            ],
            "availability_zone": "nova",
            "availability_zone_hints": null,
            "block_device": [],
            "config_drive": null,
            "created": "2025-11-25 14:14:11 +0000 UTC",
            "flavor_id": "2",
            "flavor_name": "m1.small",
            "floating_ip": null,
            "force_delete": false,
            "id": "add6cdb0-150f-4cc5-9fea-04cc30bc59cf",
            "image_id": "4df0c1fb-b79f-4eb4-9a37-8059cadd6237",
            "image_name": "admin-prod-ubuntu",
            "key_pair": "admin-prod-keypair",
            "metadata": null,
            "name": "admin-prod-vm-2",
            "network": [
              {
                "access_network": false,
                "fixed_ip_v4": "10.0.1.36",
                "fixed_ip_v6": "",
                "floating_ip": "",
                "mac": "fa:16:3e:cb:42:a4",
                "name": "admin-prod-network",
                "port": "",
                "uuid": "1e64fb0e-63a5-44a6-aac5-6dc6dc1364a4"
              }
            ],
            "network_mode": null,
            "personality": [],
            "power_state": "active",
            "region": "RegionOne",
            "scheduler_hints": [],
            "security_groups": [
              "admin-prod-secgroup"
            ],
            "stop_before_destroy": false,
            "tags": [
              "cost_center=IT",
              "environment=prod",
              "managed_by=terraform",
              "owner=devops",
              "project=admin",
              "team=platform"
            ],
            "timeouts": null,
            "updated": "2025-11-25 14:15:07 +0000 UTC",
            "user_data": null,
            "vendor_options": [],
            "volume": []
          },
          "sensitive_attributes": [
            [
              {
                "type": "get_attr",
                "value": "admin_pass"
              }
            ]
          ],
          "identity_schema_version": 0,
          "private": "eyJlMmJmYjczMC1lY2FhLTExZTYtOGY4OC0zNDM2M2JjN2M0YzAiOnsiY3JlYXRlIjoxODAwMDAwMDAwMDAwLCJkZWxldGUiOjE4MDAwMDAwMDAwMDAsInVwZGF0ZSI6MTgwMDAwMDAwMDAwMH19",
          "dependencies": [
            "module.compute.openstack_compute_keypair_v2.keypair",
            "module.network.openstack_networking_network_v2.network",
            "module.network.openstack_networking_secgroup_v2.secgroup",
            "module.storage.openstack_images_image_v2.image"
          ]
        }
      ]
    },
    {
      "module": "module.compute",
      "mode": "managed",
      "type": "openstack_compute_keypair_v2",
      "name": "keypair",
      "provider": "provider[\"registry.terraform.io/terraform-provider-openstack/openstack\"]",
      "instances": [
        {
          "schema_version": 0,
          "attributes": {
            "fingerprint": "b3:85:fc:ce:3c:c1:7e:16:5f:9f:f3:90:75:c2:4f:35",
            "id": "admin-prod-keypair",
            "name": "admin-prod-keypair",
            "private_key": "",
            "public_key": "ssh-rsa AAAAB3NzaC1yc2EAAAADAQABAAABAQC/iUsUhS9TB4gSMVObyLkPMmom3mMrlESozUYKAUCl4N7SRSqcxeUhrYTnV5H1ubLeEVi20towpU47OUxdoxf9PK4dI2aQ9WLmkks1cb0matw3/Tuzj2filtYhb8UVGs+XLbJz9gKqYZOnPBa2XeHlRvJvM5vmZKWZQiq2mrsAZwqIm/1NtAZ6nyGgf5T2LMYY8TbB1ihYMOUDzYRfJ6EFBDDHKZDbMuapyqEio+uN3tDI8l5lAwrsj8ayPdAq092vxAOJK1TEofiUBHubX7DBQwNUTgE69vVCAdxDooBGbingSMXTcYWp8u63VSbOyWAPTktURGNNhEmRpi/uPeG5 devops@opk\n",
            "region": "RegionOne",
            "user_id": "",
            "value_specs": null
          },
          "sensitive_attributes": [
            [
              {
                "type": "get_attr",
                "value": "private_key"
              }
            ]
          ],
          "identity_schema_version": 0,
          "private": "bnVsbA=="
        }
      ]
    },
    {
      "module": "module.compute",
      "mode": "managed",
      "type": "openstack_networking_floatingip_v2",
      "name": "fip",
      "provider": "provider[\"registry.terraform.io/terraform-provider-openstack/openstack\"]",
      "instances": [
        {
          "index_key": 0,
          "schema_version": 0,
          "attributes": {
            "address": "9.12.93.150",
            "all_tags": [
              "cost_center=IT",
              "environment=prod",
              "managed_by=terraform",
              "owner=devops",
              "project=admin",
              "team=platform"
            ],
            "description": "",
            "dns_domain": "",
            "dns_name": "",
            "fixed_ip": "",
            "id": "e6d41070-9eb8-4b61-8147-4accb2234dce",
            "pool": "public1",
            "port_id": "",
            "region": "RegionOne",
            "subnet_id": null,
            "subnet_ids": null,
            "tags": [
              "cost_center=IT",
              "environment=prod",
              "managed_by=terraform",
              "owner=devops",
              "project=admin",
              "team=platform"
            ],
            "tenant_id": "37dbf4e564484d9598160442bd994758",
            "timeouts": null,
            "value_specs": null
          },
          "sensitive_attributes": [],
          "identity_schema_version": 0,
          "private": "eyJlMmJmYjczMC1lY2FhLTExZTYtOGY4OC0zNDM2M2JjN2M0YzAiOnsiY3JlYXRlIjo2MDAwMDAwMDAwMDAsImRlbGV0ZSI6NjAwMDAwMDAwMDAwfX0="
        },
        {
          "index_key": 1,
          "schema_version": 0,
          "attributes": {
            "address": "9.12.93.174",
            "all_tags": [
              "cost_center=IT",
              "environment=prod",
              "managed_by=terraform",
              "owner=devops",
              "project=admin",
              "team=platform"
            ],
            "description": "",
            "dns_domain": "",
            "dns_name": "",
            "fixed_ip": "",
            "id": "1c3ea064-7561-4881-bef9-a4e3028caec4",
            "pool": "public1",
            "port_id": "",
            "region": "RegionOne",
            "subnet_id": null,
            "subnet_ids": null,
            "tags": [
              "cost_center=IT",
              "environment=prod",
              "managed_by=terraform",
              "owner=devops",
              "project=admin",
              "team=platform"
            ],
            "tenant_id": "37dbf4e564484d9598160442bd994758",
            "timeouts": null,
            "value_specs": null
          },
          "sensitive_attributes": [],
          "identity_schema_version": 0,
          "private": "eyJlMmJmYjczMC1lY2FhLTExZTYtOGY4OC0zNDM2M2JjN2M0YzAiOnsiY3JlYXRlIjo2MDAwMDAwMDAwMDAsImRlbGV0ZSI6NjAwMDAwMDAwMDAwfX0="
        },
        {
          "index_key": 2,
          "schema_version": 0,
          "attributes": {
            "address": "9.12.93.157",
            "all_tags": [
              "cost_center=IT",
              "environment=prod",
              "managed_by=terraform",
              "owner=devops",
              "project=admin",
              "team=platform"
            ],
            "description": "",
            "dns_domain": "",
            "dns_name": "",
            "fixed_ip": "",
            "id": "349574f9-08ad-49c8-b40d-6f1c100c0ed8",
            "pool": "public1",
            "port_id": "",
            "region": "RegionOne",
            "subnet_id": null,
            "subnet_ids": null,
            "tags": [
              "cost_center=IT",
              "environment=prod",
              "managed_by=terraform",
              "owner=devops",
              "project=admin",
              "team=platform"
            ],
            "tenant_id": "37dbf4e564484d9598160442bd994758",
            "timeouts": null,
            "value_specs": null
          },
          "sensitive_attributes": [],
          "identity_schema_version": 0,
          "private": "eyJlMmJmYjczMC1lY2FhLTExZTYtOGY4OC0zNDM2M2JjN2M0YzAiOnsiY3JlYXRlIjo2MDAwMDAwMDAwMDAsImRlbGV0ZSI6NjAwMDAwMDAwMDAwfX0="
        }
      ]
    },
    {
      "module": "module.network",
      "mode": "data",
      "type": "openstack_networking_network_v2",
      "name": "external",
      "provider": "provider[\"registry.terraform.io/terraform-provider-openstack/openstack\"]",
      "instances": [
        {
          "schema_version": 0,
          "attributes": {
            "admin_state_up": "true",
            "all_tags": [],
            "availability_zone_hints": [],
            "description": "",
            "dns_domain": "",
            "external": true,
            "id": "9cd4fa81-8616-4a2d-af0f-a910890b7e52",
            "matching_subnet_cidr": null,
            "mtu": 1500,
            "name": "public1",
            "network_id": null,
            "region": "RegionOne",
            "segments": [
              {
                "network_type": "flat",
                "physical_network": "physnet1",
                "segmentation_id": 0
              }
            ],
            "shared": "false",
            "status": null,
            "subnets": [
              "3a11c26e-3ecd-40de-ab49-1c9e03544fd7"
            ],
            "tags": null,
            "tenant_id": "37dbf4e564484d9598160442bd994758",
            "transparent_vlan": false
          },
          "sensitive_attributes": [],
          "identity_schema_version": 0
        }
      ]
    },
    {
      "module": "module.network",
      "mode": "managed",
      "type": "openstack_networking_network_v2",
      "name": "network",
      "provider": "provider[\"registry.terraform.io/terraform-provider-openstack/openstack\"]",
      "instances": [
        {
          "schema_version": 0,
          "attributes": {
            "admin_state_up": true,
            "all_tags": [
              "cost_center=IT",
              "environment=prod",
              "managed_by=terraform",
              "owner=devops",
              "project=admin",
              "team=platform"
            ],
            "availability_zone_hints": [],
            "description": "",
            "dns_domain": "",
            "external": false,
            "id": "1e64fb0e-63a5-44a6-aac5-6dc6dc1364a4",
            "mtu": 1450,
            "name": "admin-prod-network",
            "port_security_enabled": true,
            "qos_policy_id": "",
            "region": "RegionOne",
            "segments": [
              {
                "network_type": "vxlan",
                "physical_network": "",
                "segmentation_id": 3
              }
            ],
            "shared": false,
            "tags": [
              "cost_center=IT",
              "environment=prod",
              "managed_by=terraform",
              "owner=devops",
              "project=admin",
              "team=platform"
            ],
            "tenant_id": "37dbf4e564484d9598160442bd994758",
            "timeouts": null,
            "transparent_vlan": false,
            "value_specs": null
          },
          "sensitive_attributes": [],
          "identity_schema_version": 0,
          "private": "eyJlMmJmYjczMC1lY2FhLTExZTYtOGY4OC0zNDM2M2JjN2M0YzAiOnsiY3JlYXRlIjo2MDAwMDAwMDAwMDAsImRlbGV0ZSI6NjAwMDAwMDAwMDAwfX0="
        }
      ]
    },
    {
      "module": "module.network",
      "mode": "managed",
      "type": "openstack_networking_router_interface_v2",
      "name": "router_interface",
      "provider": "provider[\"registry.terraform.io/terraform-provider-openstack/openstack\"]",
      "instances": [
        {
          "schema_version": 0,
          "attributes": {
            "force_destroy": false,
            "id": "80b79ad8-b2f5-4c01-9ec4-d8f3f95c5bed",
            "port_id": "80b79ad8-b2f5-4c01-9ec4-d8f3f95c5bed",
            "region": "RegionOne",
            "router_id": "f869fd32-be58-4768-b7c1-cf563e3afda8",
            "subnet_id": "ed4fa4ec-6512-44fb-84c1-3819f5549862",
            "timeouts": null
          },
          "sensitive_attributes": [],
          "identity_schema_version": 0,
          "private": "eyJlMmJmYjczMC1lY2FhLTExZTYtOGY4OC0zNDM2M2JjN2M0YzAiOnsiY3JlYXRlIjo2MDAwMDAwMDAwMDAsImRlbGV0ZSI6NjAwMDAwMDAwMDAwfX0=",
          "dependencies": [
            "module.network.data.openstack_networking_network_v2.external",
            "module.network.openstack_networking_network_v2.network",
            "module.network.openstack_networking_router_v2.router",
            "module.network.openstack_networking_subnet_v2.subnet"
          ]
        }
      ]
    },
    {
      "module": "module.network",
      "mode": "managed",
      "type": "openstack_networking_router_v2",
      "name": "router",
      "provider": "provider[\"registry.terraform.io/terraform-provider-openstack/openstack\"]",
      "instances": [
        {
          "schema_version": 0,
          "attributes": {
            "admin_state_up": true,
            "all_tags": [
              "cost_center=IT",
              "environment=prod",
              "managed_by=terraform",
              "owner=devops",
              "project=admin",
              "team=platform"
            ],
            "availability_zone_hints": [],
            "description": "",
            "distributed": false,
            "enable_snat": true,
            "external_fixed_ip": [
              {
                "ip_address": "9.12.93.193",
                "subnet_id": "3a11c26e-3ecd-40de-ab49-1c9e03544fd7"
              }
            ],
            "external_gateway": "9cd4fa81-8616-4a2d-af0f-a910890b7e52",
            "external_network_id": "9cd4fa81-8616-4a2d-af0f-a910890b7e52",
            "external_subnet_ids": null,
            "id": "f869fd32-be58-4768-b7c1-cf563e3afda8",
            "name": "admin-prod-router",
            "region": "RegionOne",
            "tags": [
              "cost_center=IT",
              "environment=prod",
              "managed_by=terraform",
              "owner=devops",
              "project=admin",
              "team=platform"
            ],
            "tenant_id": "37dbf4e564484d9598160442bd994758",
            "timeouts": null,
            "value_specs": null,
            "vendor_options": []
          },
          "sensitive_attributes": [],
          "identity_schema_version": 0,
          "private": "eyJlMmJmYjczMC1lY2FhLTExZTYtOGY4OC0zNDM2M2JjN2M0YzAiOnsiY3JlYXRlIjo2MDAwMDAwMDAwMDAsImRlbGV0ZSI6NjAwMDAwMDAwMDAwfX0=",
          "dependencies": [
            "module.network.data.openstack_networking_network_v2.external"
          ]
        }
      ]
    },
    {
      "module": "module.network",
      "mode": "managed",
      "type": "openstack_networking_secgroup_rule_v2",
      "name": "rules",
      "provider": "provider[\"registry.terraform.io/terraform-provider-openstack/openstack\"]",
      "instances": [
        {
          "index_key": 0,
          "schema_version": 0,
          "attributes": {
            "description": "",
            "direction": "ingress",
            "ethertype": "IPv4",
            "id": "b6704e28-6d22-4aa1-994e-901984b9bb35",
            "port_range_max": 22,
            "port_range_min": 22,
            "protocol": "tcp",
            "region": "RegionOne",
            "remote_group_id": "",
            "remote_ip_prefix": "0.0.0.0/0",
            "security_group_id": "8adb5883-325e-4614-aa11-a73c120cc666",
            "tenant_id": "37dbf4e564484d9598160442bd994758",
            "timeouts": null
          },
          "sensitive_attributes": [],
          "identity_schema_version": 0,
          "private": "eyJlMmJmYjczMC1lY2FhLTExZTYtOGY4OC0zNDM2M2JjN2M0YzAiOnsiZGVsZXRlIjo2MDAwMDAwMDAwMDB9fQ==",
          "dependencies": [
            "module.network.openstack_networking_secgroup_v2.secgroup"
          ]
        },
        {
          "index_key": 1,
          "schema_version": 0,
          "attributes": {
            "description": "",
            "direction": "ingress",
            "ethertype": "IPv4",
            "id": "1ba620c7-8b8e-4de7-b3ac-433ee1379bb9",
            "port_range_max": 80,
            "port_range_min": 80,
            "protocol": "tcp",
            "region": "RegionOne",
            "remote_group_id": "",
            "remote_ip_prefix": "0.0.0.0/0",
            "security_group_id": "8adb5883-325e-4614-aa11-a73c120cc666",
            "tenant_id": "37dbf4e564484d9598160442bd994758",
            "timeouts": null
          },
          "sensitive_attributes": [],
          "identity_schema_version": 0,
          "private": "eyJlMmJmYjczMC1lY2FhLTExZTYtOGY4OC0zNDM2M2JjN2M0YzAiOnsiZGVsZXRlIjo2MDAwMDAwMDAwMDB9fQ==",
          "dependencies": [
            "module.network.openstack_networking_secgroup_v2.secgroup"
          ]
        },
        {
          "index_key": 2,
          "schema_version": 0,
          "attributes": {
            "description": "",
            "direction": "ingress",
            "ethertype": "IPv4",
            "id": "16317c96-7076-4f4a-8336-d4056bf43aed",
            "port_range_max": 443,
            "port_range_min": 443,
            "protocol": "tcp",
            "region": "RegionOne",
            "remote_group_id": "",
            "remote_ip_prefix": "0.0.0.0/0",
            "security_group_id": "8adb5883-325e-4614-aa11-a73c120cc666",
            "tenant_id": "37dbf4e564484d9598160442bd994758",
            "timeouts": null
          },
          "sensitive_attributes": [],
          "identity_schema_version": 0,
          "private": "eyJlMmJmYjczMC1lY2FhLTExZTYtOGY4OC0zNDM2M2JjN2M0YzAiOnsiZGVsZXRlIjo2MDAwMDAwMDAwMDB9fQ==",
          "dependencies": [
            "module.network.openstack_networking_secgroup_v2.secgroup"
          ]
        },
        {
          "index_key": 3,
          "schema_version": 0,
          "attributes": {
            "description": "",
            "direction": "ingress",
            "ethertype": "IPv4",
            "id": "b537fb8b-ba5c-44b3-928c-6cbc3d2a4734",
            "port_range_max": 0,
            "port_range_min": 0,
            "protocol": "icmp",
            "region": "RegionOne",
            "remote_group_id": "",
            "remote_ip_prefix": "0.0.0.0/0",
            "security_group_id": "8adb5883-325e-4614-aa11-a73c120cc666",
            "tenant_id": "37dbf4e564484d9598160442bd994758",
            "timeouts": null
          },
          "sensitive_attributes": [],
          "identity_schema_version": 0,
          "private": "eyJlMmJmYjczMC1lY2FhLTExZTYtOGY4OC0zNDM2M2JjN2M0YzAiOnsiZGVsZXRlIjo2MDAwMDAwMDAwMDB9fQ==",
          "dependencies": [
            "module.network.openstack_networking_secgroup_v2.secgroup"
          ]
        }
      ]
    },
    {
      "module": "module.network",
      "mode": "managed",
      "type": "openstack_networking_secgroup_v2",
      "name": "secgroup",
      "provider": "provider[\"registry.terraform.io/terraform-provider-openstack/openstack\"]",
      "instances": [
        {
          "schema_version": 0,
          "attributes": {
            "all_tags": [
              "cost_center=IT",
              "environment=prod",
              "managed_by=terraform",
              "owner=devops",
              "project=admin",
              "team=platform"
            ],
            "delete_default_rules": null,
            "description": "",
            "id": "8adb5883-325e-4614-aa11-a73c120cc666",
            "name": "admin-prod-secgroup",
            "region": "RegionOne",
            "tags": [
              "cost_center=IT",
              "environment=prod",
              "managed_by=terraform",
              "owner=devops",
              "project=admin",
              "team=platform"
            ],
            "tenant_id": "37dbf4e564484d9598160442bd994758",
            "timeouts": null
          },
          "sensitive_attributes": [],
          "identity_schema_version": 0,
          "private": "eyJlMmJmYjczMC1lY2FhLTExZTYtOGY4OC0zNDM2M2JjN2M0YzAiOnsiZGVsZXRlIjo2MDAwMDAwMDAwMDB9fQ=="
        }
      ]
    },
    {
      "module": "module.network",
      "mode": "managed",
      "type": "openstack_networking_subnet_v2",
      "name": "subnet",
      "provider": "provider[\"registry.terraform.io/terraform-provider-openstack/openstack\"]",
      "instances": [
        {
          "schema_version": 0,
          "attributes": {
            "all_tags": [
              "cost_center=IT",
              "environment=prod",
              "managed_by=terraform",
              "owner=devops",
              "project=admin",
              "team=platform"
            ],
            "allocation_pool": [
              {
                "end": "10.0.1.254",
                "start": "10.0.1.2"
              }
            ],
            "allocation_pools": [
              {
                "end": "10.0.1.254",
                "start": "10.0.1.2"
              }
            ],
            "cidr": "10.0.1.0/24",
            "description": "",
            "dns_nameservers": [
              "8.8.8.8",
              "8.8.4.4"
            ],
            "enable_dhcp": true,
            "gateway_ip": "10.0.1.1",
            "host_routes": [],
            "id": "ed4fa4ec-6512-44fb-84c1-3819f5549862",
            "ip_version": 4,
            "ipv6_address_mode": "",
            "ipv6_ra_mode": "",
            "name": "admin-prod-subnet",
            "network_id": "1e64fb0e-63a5-44a6-aac5-6dc6dc1364a4",
            "no_gateway": false,
            "prefix_length": null,
            "region": "RegionOne",
            "service_types": [],
            "subnetpool_id": "",
            "tags": [
              "cost_center=IT",
              "environment=prod",
              "managed_by=terraform",
              "owner=devops",
              "project=admin",
              "team=platform"
            ],
            "tenant_id": "37dbf4e564484d9598160442bd994758",
            "timeouts": null,
            "value_specs": null
          },
          "sensitive_attributes": [],
          "identity_schema_version": 0,
          "private": "eyJlMmJmYjczMC1lY2FhLTExZTYtOGY4OC0zNDM2M2JjN2M0YzAiOnsiY3JlYXRlIjo2MDAwMDAwMDAwMDAsImRlbGV0ZSI6NjAwMDAwMDAwMDAwfX0=",
          "dependencies": [
            "module.network.openstack_networking_network_v2.network"
          ]
        }
      ]
    },
    {
      "module": "module.storage",
      "mode": "managed",
      "type": "openstack_blockstorage_volume_v3",
      "name": "volume",
      "provider": "provider[\"registry.terraform.io/terraform-provider-openstack/openstack\"]",
      "instances": [
        {
          "index_key": 1,
          "schema_version": 0,
          "attributes": {
            "attachment": [],
            "availability_zone": "nova",
            "consistency_group_id": null,
            "description": "",
            "enable_online_resize": null,
            "id": "956f3340-7340-4ddc-8723-5dd223af81ba",
            "image_id": null,
            "metadata": {},
            "multiattach": null,
            "name": "admin-prod-volume-1",
            "region": "RegionOne",
            "scheduler_hints": [],
            "size": 20,
            "snapshot_id": "",
            "source_replica": null,
            "source_vol_id": "",
            "timeouts": null,
            "volume_type": "__DEFAULT__"
          },
          "sensitive_attributes": [],
          "identity_schema_version": 0,
          "private": "eyJlMmJmYjczMC1lY2FhLTExZTYtOGY4OC0zNDM2M2JjN2M0YzAiOnsiY3JlYXRlIjo2MDAwMDAwMDAwMDAsImRlbGV0ZSI6NjAwMDAwMDAwMDAwfX0="
        }
      ]
    },
    {
      "module": "module.storage",
      "mode": "managed",
      "type": "openstack_images_image_v2",
      "name": "image",
      "provider": "provider[\"registry.terraform.io/terraform-provider-openstack/openstack\"]",
      "instances": [
        {
          "schema_version": 0,
          "attributes": {
            "checksum": "71750ba93549ef2f79642d3c27227239",
            "container_format": "bare",
            "created_at": "2025-11-25T14:13:39Z",
            "decompress": null,
            "disk_format": "qcow2",
            "file": "/v2/images/4df0c1fb-b79f-4eb4-9a37-8059cadd6237/file",
            "hidden": false,
            "id": "4df0c1fb-b79f-4eb4-9a37-8059cadd6237",
            "image_cache_path": "/home/devops/.terraform/image_cache",
            "image_id": "4df0c1fb-b79f-4eb4-9a37-8059cadd6237",
            "image_source_password": null,
            "image_source_url": "https://cloud-images.ubuntu.com/jammy/current/jammy-server-cloudimg-amd64.img",
            "image_source_username": null,
            "local_file_path": null,
            "metadata": {},
            "min_disk_gb": 0,
            "min_ram_mb": 0,
            "name": "admin-prod-ubuntu",
            "owner": "37dbf4e564484d9598160442bd994758",
            "properties": {
              "os_hash_algo": "sha512",
              "os_hash_value": "e559f3af249197100cbfcad6d000cc8eb53c92191a99b88720d2c8417da4f7cb0f35121d161c3f2998e80c069d36fd910682306f5465c371b5fd6cebb93e81cc"
            },
            "protected": false,
            "region": "RegionOne",
            "schema": "/v2/schemas/image",
            "size_bytes": 691044352,
            "status": "active",
            "tags": [
              "cost_center=IT",
              "environment=prod",
              "managed_by=terraform",
              "owner=devops",
              "project=admin",
              "team=platform"
            ],
            "timeouts": null,
            "update_at": "2025-11-25T14:13:58Z",
            "updated_at": "2025-11-25T14:13:58Z",
            "verify_checksum": null,
            "visibility": "private",
            "web_download": null
          },
          "sensitive_attributes": [
            [
              {
                "type": "get_attr",
                "value": "image_source_password"
              }
            ]
          ],
          "identity_schema_version": 0,
          "private": "eyJlMmJmYjczMC1lY2FhLTExZTYtOGY4OC0zNDM2M2JjN2M0YzAiOnsiY3JlYXRlIjoxODAwMDAwMDAwMDAwfX0="
        }
      ]
    }
  ],
  "check_results": null
}
