{
  "version": 4,
  "terraform_version": "1.12.2",
  "serial": 48,
  "lineage": "e7013f0a-5142-494c-c196-8effef766dbb",
  "outputs": {
    "floating_ip": {
      "value": "9.12.93.152",
      "type": "string"
    },
    "instance_id": {
      "value": "53ff7c19-ae5b-4a66-9f5a-506680833005",
      "type": "string"
    },
    "instance_ip": {
      "value": "10.0.1.170",
      "type": "string"
    },
    "network_id": {
      "value": "ef457b38-ed46-4155-9332-3e082ecf6aaf",
      "type": "string"
    },
    "subnet_id": {
      "value": "eb0594a7-d798-4e31-b063-badd05e31d0f",
      "type": "string"
    },
    "volume_id": {
      "value": "712897e8-7c75-468d-ae19-f5112602fa56",
      "type": "string"
    }
  },
  "resources": [
    {
      "mode": "data",
      "type": "openstack_networking_network_v2",
      "name": "external",
      "provider": "provider[\"registry.terraform.io/terraform-provider-openstack/openstack\"]",
      "instances": [
        {
          "schema_version": 0,
          "attributes": {
            "admin_state_up": "true",
            "all_tags": [],
            "availability_zone_hints": [],
            "description": "",
            "dns_domain": "",
            "external": true,
            "id": "9cd4fa81-8616-4a2d-af0f-a910890b7e52",
            "matching_subnet_cidr": null,
            "mtu": 1500,
            "name": "public1",
            "network_id": null,
            "region": "RegionOne",
            "segments": [
              {
                "network_type": "flat",
                "physical_network": "physnet1",
                "segmentation_id": 0
              }
            ],
            "shared": "false",
            "status": null,
            "subnets": [
              "3a11c26e-3ecd-40de-ab49-1c9e03544fd7"
            ],
            "tags": null,
            "tenant_id": "37dbf4e564484d9598160442bd994758",
            "transparent_vlan": false
          },
          "sensitive_attributes": [],
          "identity_schema_version": 0
        }
      ]
    },
    {
      "mode": "managed",
      "type": "openstack_blockstorage_volume_v3",
      "name": "volume",
      "provider": "provider[\"registry.terraform.io/terraform-provider-openstack/openstack\"]",
      "instances": [
        {
          "schema_version": 0,
          "attributes": {
            "attachment": [],
            "availability_zone": "nova",
            "backup_id": "",
            "consistency_group_id": null,
            "description": "",
            "enable_online_resize": null,
            "id": "712897e8-7c75-468d-ae19-f5112602fa56",
            "image_id": null,
            "metadata": {},
            "multiattach": null,
            "name": "demo-volume",
            "region": "RegionOne",
            "scheduler_hints": [],
            "size": 10,
            "snapshot_id": "",
            "source_replica": null,
            "source_vol_id": "",
            "timeouts": null,
            "volume_type": "__DEFAULT__"
          },
          "sensitive_attributes": [],
          "identity_schema_version": 0,
          "private": "eyJlMmJmYjczMC1lY2FhLTExZTYtOGY4OC0zNDM2M2JjN2M0YzAiOnsiY3JlYXRlIjo2MDAwMDAwMDAwMDAsImRlbGV0ZSI6NjAwMDAwMDAwMDAwfX0="
        }
      ]
    },
    {
      "mode": "managed",
      "type": "openstack_compute_floatingip_associate_v2",
      "name": "fip_assoc",
      "provider": "provider[\"registry.terraform.io/terraform-provider-openstack/openstack\"]",
      "instances": [
        {
          "schema_version": 0,
          "attributes": {
            "fixed_ip": "",
            "floating_ip": "9.12.93.152",
            "id": "9.12.93.152/53ff7c19-ae5b-4a66-9f5a-506680833005/",
            "instance_id": "53ff7c19-ae5b-4a66-9f5a-506680833005",
            "region": "RegionOne",
            "timeouts": null,
            "wait_until_associated": null
          },
          "sensitive_attributes": [],
          "identity_schema_version": 0,
          "private": "eyJlMmJmYjczMC1lY2FhLTExZTYtOGY4OC0zNDM2M2JjN2M0YzAiOnsiY3JlYXRlIjo2MDAwMDAwMDAwMDB9fQ==",
          "dependencies": [
            "openstack_compute_instance_v2.instance",
            "openstack_compute_keypair_v2.keypair",
            "openstack_images_image_v2.ubuntu",
            "openstack_networking_floatingip_v2.fip",
            "openstack_networking_network_v2.network",
            "openstack_networking_secgroup_v2.secgroup"
          ]
        }
      ]
    },
    {
      "mode": "managed",
      "type": "openstack_compute_instance_v2",
      "name": "instance",
      "provider": "provider[\"registry.terraform.io/terraform-provider-openstack/openstack\"]",
      "instances": [
        {
          "schema_version": 0,
          "attributes": {
            "access_ip_v4": "10.0.1.170",
            "access_ip_v6": "",
            "admin_pass": null,
            "all_metadata": {},
            "all_tags": [],
            "availability_zone": "nova",
            "availability_zone_hints": null,
            "block_device": [],
            "config_drive": null,
            "created": "2025-11-25 07:30:19 +0000 UTC",
            "flavor_id": "2",
            "flavor_name": "m1.small",
            "floating_ip": null,
            "force_delete": false,
            "id": "53ff7c19-ae5b-4a66-9f5a-506680833005",
            "image_id": "20f733fe-f0ca-4407-9385-b260c57ad0d2",
            "image_name": "ubuntu-22.04",
            "key_pair": "demo-keypair",
            "metadata": null,
            "name": "demo-instance",
            "network": [
              {
                "access_network": false,
                "fixed_ip_v4": "10.0.1.170",
                "fixed_ip_v6": "",
                "floating_ip": "",
                "mac": "fa:16:3e:38:54:61",
                "name": "demo-network",
                "port": "",
                "uuid": "ef457b38-ed46-4155-9332-3e082ecf6aaf"
              }
            ],
            "network_mode": null,
            "personality": [],
            "power_state": "active",
            "region": "RegionOne",
            "scheduler_hints": [],
            "security_groups": [
              "demo-secgroup"
            ],
            "stop_before_destroy": false,
            "tags": null,
            "timeouts": null,
            "updated": "2025-11-25 07:31:10 +0000 UTC",
            "user_data": null,
            "vendor_options": [],
            "volume": []
          },
          "sensitive_attributes": [
            [
              {
                "type": "get_attr",
                "value": "admin_pass"
              }
            ]
          ],
          "identity_schema_version": 0,
          "private": "eyJlMmJmYjczMC1lY2FhLTExZTYtOGY4OC0zNDM2M2JjN2M0YzAiOnsiY3JlYXRlIjoxODAwMDAwMDAwMDAwLCJkZWxldGUiOjE4MDAwMDAwMDAwMDAsInVwZGF0ZSI6MTgwMDAwMDAwMDAwMH19",
          "dependencies": [
            "openstack_compute_keypair_v2.keypair",
            "openstack_images_image_v2.ubuntu",
            "openstack_networking_network_v2.network",
            "openstack_networking_secgroup_v2.secgroup"
          ]
        }
      ]
    },
    {
      "mode": "managed",
      "type": "openstack_compute_keypair_v2",
      "name": "keypair",
      "provider": "provider[\"registry.terraform.io/terraform-provider-openstack/openstack\"]",
      "instances": [
        {
          "schema_version": 0,
          "attributes": {
            "fingerprint": "b3:85:fc:ce:3c:c1:7e:16:5f:9f:f3:90:75:c2:4f:35",
            "id": "demo-keypair",
            "name": "demo-keypair",
            "private_key": "",
            "public_key": "ssh-rsa AAAAB3NzaC1yc2EAAAADAQABAAABAQC/iUsUhS9TB4gSMVObyLkPMmom3mMrlESozUYKAUCl4N7SRSqcxeUhrYTnV5H1ubLeEVi20towpU47OUxdoxf9PK4dI2aQ9WLmkks1cb0matw3/Tuzj2filtYhb8UVGs+XLbJz9gKqYZOnPBa2XeHlRvJvM5vmZKWZQiq2mrsAZwqIm/1NtAZ6nyGgf5T2LMYY8TbB1ihYMOUDzYRfJ6EFBDDHKZDbMuapyqEio+uN3tDI8l5lAwrsj8ayPdAq092vxAOJK1TEofiUBHubX7DBQwNUTgE69vVCAdxDooBGbingSMXTcYWp8u63VSbOyWAPTktURGNNhEmRpi/uPeG5 devops@opk\n",
            "region": "RegionOne",
            "user_id": "",
            "value_specs": null
          },
          "sensitive_attributes": [
            [
              {
                "type": "get_attr",
                "value": "private_key"
              }
            ]
          ],
          "identity_schema_version": 0,
          "private": "bnVsbA=="
        }
      ]
    },
    {
      "mode": "managed",
      "type": "openstack_compute_volume_attach_v2",
      "name": "attach",
      "provider": "provider[\"registry.terraform.io/terraform-provider-openstack/openstack\"]",
      "instances": [
        {
          "schema_version": 0,
          "attributes": {
            "device": "/dev/vdb",
            "id": "53ff7c19-ae5b-4a66-9f5a-506680833005/712897e8-7c75-468d-ae19-f5112602fa56",
            "instance_id": "53ff7c19-ae5b-4a66-9f5a-506680833005",
            "multiattach": null,
            "region": "RegionOne",
            "timeouts": null,
            "vendor_options": [],
            "volume_id": "712897e8-7c75-468d-ae19-f5112602fa56"
          },
          "sensitive_attributes": [],
          "identity_schema_version": 0,
          "private": "eyJlMmJmYjczMC1lY2FhLTExZTYtOGY4OC0zNDM2M2JjN2M0YzAiOnsiY3JlYXRlIjo2MDAwMDAwMDAwMDAsImRlbGV0ZSI6NjAwMDAwMDAwMDAwfX0=",
          "dependencies": [
            "openstack_blockstorage_volume_v3.volume",
            "openstack_compute_instance_v2.instance",
            "openstack_compute_keypair_v2.keypair",
            "openstack_images_image_v2.ubuntu",
            "openstack_networking_network_v2.network",
            "openstack_networking_secgroup_v2.secgroup"
          ]
        }
      ]
    },
    {
      "mode": "managed",
      "type": "openstack_images_image_v2",
      "name": "ubuntu",
      "provider": "provider[\"registry.terraform.io/terraform-provider-openstack/openstack\"]",
      "instances": [
        {
          "schema_version": 0,
          "attributes": {
            "checksum": "71750ba93549ef2f79642d3c27227239",
            "container_format": "bare",
            "created_at": "2025-11-25T07:29:48Z",
            "decompress": null,
            "disk_format": "qcow2",
            "file": "/v2/images/20f733fe-f0ca-4407-9385-b260c57ad0d2/file",
            "hidden": false,
            "id": "20f733fe-f0ca-4407-9385-b260c57ad0d2",
            "image_cache_path": "/home/devops/.terraform/image_cache",
            "image_id": "20f733fe-f0ca-4407-9385-b260c57ad0d2",
            "image_source_password": null,
            "image_source_url": "https://cloud-images.ubuntu.com/jammy/current/jammy-server-cloudimg-amd64.img",
            "image_source_username": null,
            "local_file_path": null,
            "metadata": {},
            "min_disk_gb": 0,
            "min_ram_mb": 0,
            "name": "ubuntu-22.04",
            "owner": "37dbf4e564484d9598160442bd994758",
            "properties": {
              "os_hash_algo": "sha512",
              "os_hash_value": "e559f3af249197100cbfcad6d000cc8eb53c92191a99b88720d2c8417da4f7cb0f35121d161c3f2998e80c069d36fd910682306f5465c371b5fd6cebb93e81cc"
            },
            "protected": false,
            "region": "RegionOne",
            "schema": "/v2/schemas/image",
            "size_bytes": 691044352,
            "status": "active",
            "tags": null,
            "timeouts": null,
            "update_at": "2025-11-25T07:30:07Z",
            "updated_at": "2025-11-25T07:30:07Z",
            "verify_checksum": null,
            "visibility": "private",
            "web_download": null
          },
          "sensitive_attributes": [
            [
              {
                "type": "get_attr",
                "value": "image_source_password"
              }
            ]
          ],
          "identity_schema_version": 0,
          "private": "eyJlMmJmYjczMC1lY2FhLTExZTYtOGY4OC0zNDM2M2JjN2M0YzAiOnsiY3JlYXRlIjoxODAwMDAwMDAwMDAwfX0="
        }
      ]
    },
    {
      "mode": "managed",
      "type": "openstack_networking_floatingip_v2",
      "name": "fip",
      "provider": "provider[\"registry.terraform.io/terraform-provider-openstack/openstack\"]",
      "instances": [
        {
          "schema_version": 0,
          "attributes": {
            "address": "9.12.93.152",
            "all_tags": [],
            "description": "",
            "dns_domain": "",
            "dns_name": "",
            "fixed_ip": "",
            "id": "34985006-f78f-4ed3-9a7b-645430e450c1",
            "pool": "public1",
            "port_id": "",
            "region": "RegionOne",
            "subnet_id": null,
            "subnet_ids": null,
            "tags": null,
            "tenant_id": "37dbf4e564484d9598160442bd994758",
            "timeouts": null,
            "value_specs": null
          },
          "sensitive_attributes": [],
          "identity_schema_version": 0,
          "private": "eyJlMmJmYjczMC1lY2FhLTExZTYtOGY4OC0zNDM2M2JjN2M0YzAiOnsiY3JlYXRlIjo2MDAwMDAwMDAwMDAsImRlbGV0ZSI6NjAwMDAwMDAwMDAwfX0="
        }
      ]
    },
    {
      "mode": "managed",
      "type": "openstack_networking_network_v2",
      "name": "network",
      "provider": "provider[\"registry.terraform.io/terraform-provider-openstack/openstack\"]",
      "instances": [
        {
          "schema_version": 0,
          "attributes": {
            "admin_state_up": true,
            "all_tags": [],
            "availability_zone_hints": [],
            "description": "",
            "dns_domain": "",
            "external": false,
            "id": "ef457b38-ed46-4155-9332-3e082ecf6aaf",
            "mtu": 1450,
            "name": "demo-network",
            "port_security_enabled": true,
            "qos_policy_id": "",
            "region": "RegionOne",
            "segments": [
              {
                "network_type": "vxlan",
                "physical_network": "",
                "segmentation_id": 2
              }
            ],
            "shared": false,
            "tags": null,
            "tenant_id": "37dbf4e564484d9598160442bd994758",
            "timeouts": null,
            "transparent_vlan": false,
            "value_specs": null
          },
          "sensitive_attributes": [],
          "identity_schema_version": 0,
          "private": "eyJlMmJmYjczMC1lY2FhLTExZTYtOGY4OC0zNDM2M2JjN2M0YzAiOnsiY3JlYXRlIjo2MDAwMDAwMDAwMDAsImRlbGV0ZSI6NjAwMDAwMDAwMDAwfX0="
        }
      ]
    },
    {
      "mode": "managed",
      "type": "openstack_networking_router_interface_v2",
      "name": "router_interface",
      "provider": "provider[\"registry.terraform.io/terraform-provider-openstack/openstack\"]",
      "instances": [
        {
          "schema_version": 0,
          "attributes": {
            "force_destroy": false,
            "id": "94c72bed-2749-4335-95b5-7273c5abfd6d",
            "port_id": "94c72bed-2749-4335-95b5-7273c5abfd6d",
            "region": "RegionOne",
            "router_id": "670c07cd-e59c-4a79-a1b0-949b74bbdc52",
            "subnet_id": "eb0594a7-d798-4e31-b063-badd05e31d0f",
            "timeouts": null
          },
          "sensitive_attributes": [],
          "identity_schema_version": 0,
          "private": "eyJlMmJmYjczMC1lY2FhLTExZTYtOGY4OC0zNDM2M2JjN2M0YzAiOnsiY3JlYXRlIjo2MDAwMDAwMDAwMDAsImRlbGV0ZSI6NjAwMDAwMDAwMDAwfX0=",
          "dependencies": [
            "data.openstack_networking_network_v2.external",
            "openstack_networking_network_v2.network",
            "openstack_networking_router_v2.router",
            "openstack_networking_subnet_v2.subnet"
          ]
        }
      ]
    },
    {
      "mode": "managed",
      "type": "openstack_networking_router_v2",
      "name": "router",
      "provider": "provider[\"registry.terraform.io/terraform-provider-openstack/openstack\"]",
      "instances": [
        {
          "schema_version": 0,
          "attributes": {
            "admin_state_up": true,
            "all_tags": [],
            "availability_zone_hints": [],
            "description": "",
            "distributed": false,
            "enable_snat": true,
            "external_fixed_ip": [
              {
                "ip_address": "9.12.93.154",
                "subnet_id": "3a11c26e-3ecd-40de-ab49-1c9e03544fd7"
              }
            ],
            "external_gateway": "9cd4fa81-8616-4a2d-af0f-a910890b7e52",
            "external_network_id": "9cd4fa81-8616-4a2d-af0f-a910890b7e52",
            "external_subnet_ids": null,
            "id": "670c07cd-e59c-4a79-a1b0-949b74bbdc52",
            "name": "demo-router",
            "region": "RegionOne",
            "tags": null,
            "tenant_id": "37dbf4e564484d9598160442bd994758",
            "timeouts": null,
            "value_specs": null,
            "vendor_options": []
          },
          "sensitive_attributes": [],
          "identity_schema_version": 0,
          "private": "eyJlMmJmYjczMC1lY2FhLTExZTYtOGY4OC0zNDM2M2JjN2M0YzAiOnsiY3JlYXRlIjo2MDAwMDAwMDAwMDAsImRlbGV0ZSI6NjAwMDAwMDAwMDAwfX0=",
          "dependencies": [
            "data.openstack_networking_network_v2.external"
          ]
        }
      ]
    },
    {
      "mode": "managed",
      "type": "openstack_networking_secgroup_rule_v2",
      "name": "icmp",
      "provider": "provider[\"registry.terraform.io/terraform-provider-openstack/openstack\"]",
      "instances": [
        {
          "schema_version": 0,
          "attributes": {
            "description": "",
            "direction": "ingress",
            "ethertype": "IPv4",
            "id": "ced4b350-d21a-40b4-9bb6-3880bde88527",
            "port_range_max": 0,
            "port_range_min": 0,
            "protocol": "icmp",
            "region": "RegionOne",
            "remote_group_id": "",
            "remote_ip_prefix": "0.0.0.0/0",
            "security_group_id": "3c0d375c-272a-40ac-96a6-b0106cc06c08",
            "tenant_id": "37dbf4e564484d9598160442bd994758",
            "timeouts": null
          },
          "sensitive_attributes": [],
          "identity_schema_version": 0,
          "private": "eyJlMmJmYjczMC1lY2FhLTExZTYtOGY4OC0zNDM2M2JjN2M0YzAiOnsiZGVsZXRlIjo2MDAwMDAwMDAwMDB9fQ==",
          "dependencies": [
            "openstack_networking_secgroup_v2.secgroup"
          ]
        }
      ]
    },
    {
      "mode": "managed",
      "type": "openstack_networking_secgroup_rule_v2",
      "name": "ssh",
      "provider": "provider[\"registry.terraform.io/terraform-provider-openstack/openstack\"]",
      "instances": [
        {
          "schema_version": 0,
          "attributes": {
            "description": "",
            "direction": "ingress",
            "ethertype": "IPv4",
            "id": "24039c1e-1db9-4b2e-aaa7-3dc2b9ee7c59",
            "port_range_max": 22,
            "port_range_min": 22,
            "protocol": "tcp",
            "region": "RegionOne",
            "remote_group_id": "",
            "remote_ip_prefix": "0.0.0.0/0",
            "security_group_id": "3c0d375c-272a-40ac-96a6-b0106cc06c08",
            "tenant_id": "37dbf4e564484d9598160442bd994758",
            "timeouts": null
          },
          "sensitive_attributes": [],
          "identity_schema_version": 0,
          "private": "eyJlMmJmYjczMC1lY2FhLTExZTYtOGY4OC0zNDM2M2JjN2M0YzAiOnsiZGVsZXRlIjo2MDAwMDAwMDAwMDB9fQ==",
          "dependencies": [
            "openstack_networking_secgroup_v2.secgroup"
          ]
        }
      ]
    },
    {
      "mode": "managed",
      "type": "openstack_networking_secgroup_v2",
      "name": "secgroup",
      "provider": "provider[\"registry.terraform.io/terraform-provider-openstack/openstack\"]",
      "instances": [
        {
          "schema_version": 0,
          "attributes": {
            "all_tags": [],
            "delete_default_rules": null,
            "description": "",
            "id": "3c0d375c-272a-40ac-96a6-b0106cc06c08",
            "name": "demo-secgroup",
            "region": "RegionOne",
            "tags": null,
            "tenant_id": "37dbf4e564484d9598160442bd994758",
            "timeouts": null
          },
          "sensitive_attributes": [],
          "identity_schema_version": 0,
          "private": "eyJlMmJmYjczMC1lY2FhLTExZTYtOGY4OC0zNDM2M2JjN2M0YzAiOnsiZGVsZXRlIjo2MDAwMDAwMDAwMDB9fQ=="
        }
      ]
    },
    {
      "mode": "managed",
      "type": "openstack_networking_subnet_v2",
      "name": "subnet",
      "provider": "provider[\"registry.terraform.io/terraform-provider-openstack/openstack\"]",
      "instances": [
        {
          "schema_version": 0,
          "attributes": {
            "all_tags": [],
            "allocation_pool": [
              {
                "end": "10.0.1.254",
                "start": "10.0.1.2"
              }
            ],
            "allocation_pools": [
              {
                "end": "10.0.1.254",
                "start": "10.0.1.2"
              }
            ],
            "cidr": "10.0.1.0/24",
            "description": "",
            "dns_nameservers": [
              "8.8.8.8",
              "8.8.4.4"
            ],
            "enable_dhcp": true,
            "gateway_ip": "10.0.1.1",
            "host_routes": [],
            "id": "eb0594a7-d798-4e31-b063-badd05e31d0f",
            "ip_version": 4,
            "ipv6_address_mode": "",
            "ipv6_ra_mode": "",
            "name": "demo-subnet",
            "network_id": "ef457b38-ed46-4155-9332-3e082ecf6aaf",
            "no_gateway": false,
            "prefix_length": null,
            "region": "RegionOne",
            "service_types": [],
            "subnetpool_id": "",
            "tags": null,
            "tenant_id": "37dbf4e564484d9598160442bd994758",
            "timeouts": null,
            "value_specs": null
          },
          "sensitive_attributes": [],
          "identity_schema_version": 0,
          "private": "eyJlMmJmYjczMC1lY2FhLTExZTYtOGY4OC0zNDM2M2JjN2M0YzAiOnsiY3JlYXRlIjo2MDAwMDAwMDAwMDAsImRlbGV0ZSI6NjAwMDAwMDAwMDAwfX0=",
          "dependencies": [
            "openstack_networking_network_v2.network"
          ]
        }
      ]
    }
  ],
  "check_results": null
}
